
Microsoft Visual Studio Solution File, Format Version 12.00
# Visual Studio Version 16
VisualStudioVersion = 16.0.31613.86
MinimumVisualStudioVersion = 10.0.40219.1
Project("{FAE04EC0-301F-11D3-BF4B-00C04F79EFBC}") = "Solutions", "Solutions\Solutions.csproj", "{4314B909-8585-46B0-B4E2-537818282686}"
EndProject
Project("{FAE04EC0-301F-11D3-BF4B-00C04F79EFBC}") = "BTOAssesment.classLibrary", "BTOAssesment.classLibrary\BTOAssesment.classLibrary.csproj", "{F6AD5CCB-9940-487B-A049-9175BBADF69F}"
EndProject
Global
	GlobalSection(SolutionConfigurationPlatforms) = preSolution
		Debug|Any CPU = Debug|Any CPU
		Release|Any CPU = Release|Any CPU
	EndGlobalSection
	GlobalSection(ProjectConfigurationPlatforms) = postSolution
		{4314B909-8585-46B0-B4E2-537818282686}.Debug|Any CPU.ActiveCfg = Debug|Any CPU
		{4314B909-8585-46B0-B4E2-537818282686}.Debug|Any CPU.Build.0 = Debug|Any CPU
		{4314B909-8585-46B0-B4E2-537818282686}.Release|Any CPU.ActiveCfg = Release|Any CPU
		{4314B909-8585-46B0-B4E2-537818282686}.Release|Any CPU.Build.0 = Release|Any CPU
		{F6AD5CCB-9940-487B-A049-9175BBADF69F}.Debug|Any CPU.ActiveCfg = Debug|Any CPU
		{F6AD5CCB-9940-487B-A049-9175BBADF69F}.Debug|Any CPU.Build.0 = Debug|Any CPU
		{F6AD5CCB-9940-487B-A049-9175BBADF69F}.Release|Any CPU.ActiveCfg = Release|Any CPU
		{F6AD5CCB-9940-487B-A049-9175BBADF69F}.Release|Any CPU.Build.0 = Release|Any CPU
	EndGlobalSection
	GlobalSection(SolutionProperties) = preSolution
		HideSolutionNode = FALSE
	EndGlobalSection
	GlobalSection(ExtensibilityGlobals) = postSolution
		SolutionGuid = {C576B8EB-B067-4CEC-90F9-3D70A852382B}
	EndGlobalSection
EndGlobal
